<?xml version="1.0" encoding="utf-8"?>
<Project ToolsVersion="4.0" xmlns="http://schemas.microsoft.com/developer/msbuild/2003">
  <ItemGroup>
    <Filter Include="Source Code">
      <UniqueIdentifier>{4FC737F1-C7A5-4376-A066-2A32D752A2FF}</UniqueIdentifier>
      <Extensions>cpp;c;cc;cxx;c++;cppm;ixx;def;odl;idl;hpj;bat;asm;asmx</Extensions>
    </Filter>
    <Filter Include="Headers">
      <UniqueIdentifier>{93995380-89BD-4b04-88EB-625FBE52EBFB}</UniqueIdentifier>
      <Extensions>h;hh;hpp;hxx;h++;hm;inl;inc;ipp;xsd</Extensions>
    </Filter>
  </ItemGroup>
  <ItemGroup>
    <ClCompile Include="game.c">
      <Filter>Source Code</Filter>
    </ClCompile>
    <ClCompile Include="menu.c">
      <Filter>Source Code</Filter>
    </ClCompile>
    <ClCompile Include="ent_brush.c">
      <Filter>Source Code</Filter>
    </ClCompile>
    <ClCompile Include="player.c">
      <Filter>Source Code</Filter>
    </ClCompile>
    <ClCompile Include="world.c">
      <Filter>Source Code</Filter>
    </ClCompile>
    <ClCompile Include="entity.c">
      <Filter>Source Code</Filter>
    </ClCompile>
    <ClCompile Include="player_input.c">
      <Filter>Source Code</Filter>
    </ClCompile>
    <ClCompile Include="player_move.c">
      <Filter>Source Code</Filter>
    </ClCompile>
    <ClCompile Include="player_hud.c">
      <Filter>Source Code</Filter>
    </ClCompile>
  </ItemGroup>
  <ItemGroup>
    <ClInclude Include="game.h">
      <Filter>Headers</Filter>
    </ClInclude>
    <ClInclude Include="menu.h">
      <Filter>Headers</Filter>
    </ClInclude>
    <ClInclude Include="entity.h">
      <Filter>Headers</Filter>
    </ClInclude>
    <ClInclude Include="ent_shared.h">
      <Filter>Headers</Filter>
    </ClInclude>
    <ClInclude Include="..\engine\shared.h">
      <Filter>Headers</Filter>
    </ClInclude>
    <ClInclude Include="player.h">
      <Filter>Headers</Filter>
    </ClInclude>
    <ClInclude Include="world.h">
      <Filter>Headers</Filter>
    </ClInclude>
  </ItemGroup>
  <ItemGroup>
    <ResourceCompile Include="game.rc" />
  </ItemGroup>
</Project>