<?xml version="1.0" encoding="utf-8"?>
<Project ToolsVersion="4.0" xmlns="http://schemas.microsoft.com/developer/msbuild/2003">
  <ItemGroup>
    <Filter Include="Source Code">
      <UniqueIdentifier>{4FC737F1-C7A5-4376-A066-2A32D752A2FF}</UniqueIdentifier>
      <Extensions>cpp;c;cc;cxx;c++;cppm;ixx;def;odl;idl;hpj;bat;asm;asmx</Extensions>
    </Filter>
    <Filter Include="Headers">
      <UniqueIdentifier>{93995380-89BD-4b04-88EB-625FBE52EBFB}</UniqueIdentifier>
      <Extensions>h;hh;hpp;hxx;h++;hm;inl;inc;ipp;xsd</Extensions>
    </Filter>
  </ItemGroup>
  <ItemGroup>
    <ClInclude Include="shared.h">
      <Filter>Headers</Filter>
    </ClInclude>
    <ClInclude Include="cubement.h">
      <Filter>Headers</Filter>
    </ClInclude>
    <ClInclude Include="util.h">
      <Filter>Headers</Filter>
    </ClInclude>
    <ClInclude Include="mathlib.h">
      <Filter>Headers</Filter>
    </ClInclude>
    <ClInclude Include="console.h">
      <Filter>Headers</Filter>
    </ClInclude>
    <ClInclude Include="vidinit.h">
      <Filter>Headers</Filter>
    </ClInclude>
    <ClInclude Include="keys.h">
      <Filter>Headers</Filter>
    </ClInclude>
    <ClInclude Include="input.h">
      <Filter>Headers</Filter>
    </ClInclude>
    <ClInclude Include="font.h">
      <Filter>Headers</Filter>
    </ClInclude>
    <ClInclude Include="image.h">
      <Filter>Headers</Filter>
    </ClInclude>
  </ItemGroup>
  <ItemGroup>
    <ClCompile Include="cubement.c">
      <Filter>Source Code</Filter>
    </ClCompile>
    <ClCompile Include="util.c">
      <Filter>Source Code</Filter>
    </ClCompile>
    <ClCompile Include="console.c">
      <Filter>Source Code</Filter>
    </ClCompile>
    <ClCompile Include="vidinit.c">
      <Filter>Source Code</Filter>
    </ClCompile>
    <ClCompile Include="input.c">
      <Filter>Source Code</Filter>
    </ClCompile>
    <ClCompile Include="font.c">
      <Filter>Source Code</Filter>
    </ClCompile>
    <ClCompile Include="image.c">
      <Filter>Source Code</Filter>
    </ClCompile>
  </ItemGroup>
</Project>